<?xml version="1.0" encoding="utf-8"?>
<Project ToolsVersion="4.0" xmlns="http://schemas.microsoft.com/developer/msbuild/2003">
  <ItemGroup>
    <Filter Include="소스 파일">
      <UniqueIdentifier>{4FC737F1-C7A5-4376-A066-2A32D752A2FF}</UniqueIdentifier>
      <Extensions>cpp;c;cc;cxx;c++;def;odl;idl;hpj;bat;asm;asmx</Extensions>
    </Filter>
    <Filter Include="헤더 파일">
      <UniqueIdentifier>{93995380-89BD-4b04-88EB-625FBE52EBFB}</UniqueIdentifier>
      <Extensions>h;hh;hpp;hxx;h++;hm;inl;inc;ipp;xsd</Extensions>
    </Filter>
    <Filter Include="리소스 파일">
      <UniqueIdentifier>{67DA6AB6-F800-4c08-8B7A-83BB121AAD01}</UniqueIdentifier>
      <Extensions>rc;ico;cur;bmp;dlg;rc2;rct;bin;rgs;gif;jpg;jpeg;jpe;resx;tiff;tif;png;wav;mfcribbon-ms</Extensions>
    </Filter>
    <Filter Include="Custom">
      <UniqueIdentifier>{ba918fc9-4daf-49fe-8a59-65845e284c37}</UniqueIdentifier>
    </Filter>
    <Filter Include="Custom\STACK">
      <UniqueIdentifier>{b5a8a2d1-e157-4bc0-86f0-cb51b61ac60b}</UniqueIdentifier>
    </Filter>
    <Filter Include="Custom\QUEUE">
      <UniqueIdentifier>{3dec32ce-a424-45bb-9924-6c1ed7a6e519}</UniqueIdentifier>
    </Filter>
    <Filter Include="Custom\VECTOR">
      <UniqueIdentifier>{808d26f0-17af-4ab5-8b7f-b328df84b552}</UniqueIdentifier>
    </Filter>
    <Filter Include="Custom\LIST">
      <UniqueIdentifier>{a113195f-82f7-4a7d-9bc6-717d73d0a2a4}</UniqueIdentifier>
    </Filter>
    <Filter Include="Custom\MAP">
      <UniqueIdentifier>{0bb07c9c-7c3b-4d41-9521-7b04565dbc1e}</UniqueIdentifier>
    </Filter>
  </ItemGroup>
  <ItemGroup>
    <ClCompile Include="main.cpp">
      <Filter>소스 파일</Filter>
    </ClCompile>
  </ItemGroup>
  <ItemGroup>
    <ClInclude Include="Custom\VECTOR\VectorCustom.h">
      <Filter>Custom\VECTOR</Filter>
    </ClInclude>
    <ClInclude Include="Custom\VECTOR\VectorCustom.hpp">
      <Filter>Custom\VECTOR</Filter>
    </ClInclude>
    <ClInclude Include="Custom\STACK\StackCustom.h">
      <Filter>Custom\STACK</Filter>
    </ClInclude>
    <ClInclude Include="Custom\STACK\StackCustom.hpp">
      <Filter>Custom\STACK</Filter>
    </ClInclude>
    <ClInclude Include="Custom\QUEUE\QueueCustom.h">
      <Filter>Custom\QUEUE</Filter>
    </ClInclude>
    <ClInclude Include="Custom\QUEUE\QueueCustom.hpp">
      <Filter>Custom\QUEUE</Filter>
    </ClInclude>
    <ClInclude Include="Custom\LIST\ListCustom.h">
      <Filter>Custom\LIST</Filter>
    </ClInclude>
    <ClInclude Include="Custom\LIST\ListCustom.hpp">
      <Filter>Custom\LIST</Filter>
    </ClInclude>
    <ClInclude Include="Custom\MAP\MapCustom.h">
      <Filter>Custom\MAP</Filter>
    </ClInclude>
    <ClInclude Include="Custom\MAP\MapCustom.hpp">
      <Filter>Custom\MAP</Filter>
    </ClInclude>
  </ItemGroup>
</Project>